{
 "graph_lock": {
  "nodes": {
   "0": {
    "options": "openblas:build_lapack=False\nopenblas:dynamic_arch=False\nopenblas:fPIC=True\nopenblas:shared=False\nopenblas:use_thread=True",
    "requires": [
     "1"
    ],
    "path": "conanfile.txt",
    "context": "host"
   },
   "1": {
    "ref": "openblas/0.3.17",
    "options": "build_lapack=False\ndynamic_arch=False\nfPIC=True\nshared=False\nuse_thread=True",
    "package_id": "2545bd7d245b9a63c5118e5fcec5bea9d0fa9da5",
    "prev": "0",
    "context": "host"
   }
  },
  "revisions_enabled": false
 },
 "version": "0.4",
 "profile_host": "[settings]\narch=x86_64\narch_build=x86_64\nbuild_type=Release\ncompiler=gcc\ncompiler.libcxx=libstdc++11\ncompiler.version=9\nos=Linux\nos_build=Linux\n[options]\n[build_requires]\n[env]\n"
}